
Microsoft Visual Studio Solution File, Format Version 12.00
# Visual Studio Version 16
VisualStudioVersion = 16.0.33328.57
MinimumVisualStudioVersion = 10.0.40219.1
Project("{FAE04EC0-301F-11D3-BF4B-00C04F79EFBC}") = "WindowsFormsApp1", "WindowsFormsApp1\WindowsFormsApp1.csproj", "{9B467831-F75A-42E4-98D3-9E6A2EBC5EE2}"
EndProject
Global
	GlobalSection(SolutionConfigurationPlatforms) = preSolution
		Debug|Any CPU = Debug|Any CPU
		Release|Any CPU = Release|Any CPU
	EndGlobalSection
	GlobalSection(ProjectConfigurationPlatforms) = postSolution
		{9B467831-F75A-42E4-98D3-9E6A2EBC5EE2}.Debug|Any CPU.ActiveCfg = Debug|Any CPU
		{9B467831-F75A-42E4-98D3-9E6A2EBC5EE2}.Debug|Any CPU.Build.0 = Debug|Any CPU
		{9B467831-F75A-42E4-98D3-9E6A2EBC5EE2}.Release|Any CPU.ActiveCfg = Release|Any CPU
		{9B467831-F75A-42E4-98D3-9E6A2EBC5EE2}.Release|Any CPU.Build.0 = Release|Any CPU
	EndGlobalSection
	GlobalSection(SolutionProperties) = preSolution
		HideSolutionNode = FALSE
	EndGlobalSection
	GlobalSection(ExtensibilityGlobals) = postSolution
		SolutionGuid = {C236B466-65D5-49AC-A3F1-D0A3A93D597E}
	EndGlobalSection
EndGlobal
